
Microsoft Visual Studio Solution File, Format Version 12.00
# Visual Studio Version 16
VisualStudioVersion = 16.0.31005.135
MinimumVisualStudioVersion = 10.0.40219.1
Project("{8BC9CEB8-8B4A-11D0-8D11-00A0C91BC942}") = "TestGame", "TestGame\TestGame.vcxproj", "{AC260AE5-9185-4B9B-97FB-43B083A889AA}"
EndProject
Project("{8BC9CEB8-8B4A-11D0-8D11-00A0C91BC942}") = "ApeEngine", "ApeEngine\ApeEngine.vcxproj", "{5D3CD2F5-BA6A-45F6-99C5-B864E831B0B4}"
EndProject
Global
	GlobalSection(SolutionConfigurationPlatforms) = preSolution
		Debug|x64 = Debug|x64
		Release|x64 = Release|x64
	EndGlobalSection
	GlobalSection(ProjectConfigurationPlatforms) = postSolution
		{5D3CD2F5-BA6A-45F6-99C5-B864E831B0B4}.Debug|x64.ActiveCfg = Debug|x64
		{5D3CD2F5-BA6A-45F6-99C5-B864E831B0B4}.Debug|x64.Build.0 = Debug|x64
		{5D3CD2F5-BA6A-45F6-99C5-B864E831B0B4}.Release|x64.ActiveCfg = Release|x64
		{5D3CD2F5-BA6A-45F6-99C5-B864E831B0B4}.Release|x64.Build.0 = Release|x64
		{AC260AE5-9185-4B9B-97FB-43B083A889AA}.Debug|x64.ActiveCfg = Debug|x64
		{AC260AE5-9185-4B9B-97FB-43B083A889AA}.Debug|x64.Build.0 = Debug|x64
		{AC260AE5-9185-4B9B-97FB-43B083A889AA}.Release|x64.ActiveCfg = Release|x64
		{AC260AE5-9185-4B9B-97FB-43B083A889AA}.Release|x64.Build.0 = Release|x64
	EndGlobalSection
	GlobalSection(SolutionProperties) = preSolution
		HideSolutionNode = FALSE
	EndGlobalSection
	GlobalSection(ExtensibilityGlobals) = postSolution
		SolutionGuid = {32B69C87-6DBE-468C-BFC7-24CBE67554D8}
	EndGlobalSection
EndGlobal
